
Microsoft Visual Studio Solution File, Format Version 12.00
# Visual Studio 15
VisualStudioVersion = 15.0.26730.16
MinimumVisualStudioVersion = 10.0.40219.1
Project("{FAE04EC0-301F-11D3-BF4B-00C04F79EFBC}") = "LanguageBuilder.Web", "LanguageBuilder.Web\LanguageBuilder.Web.csproj", "{8C6552EA-B7EB-455B-964C-5482EE09CB14}"
EndProject
Project("{FAE04EC0-301F-11D3-BF4B-00C04F79EFBC}") = "LanguageBuilder.Data", "LanguageBuilder.Data\LanguageBuilder.Data.csproj", "{E1EE893C-BC6E-41F3-BA2A-0ED384B4CDE0}"
EndProject
Global
	GlobalSection(SolutionConfigurationPlatforms) = preSolution
		Debug|Any CPU = Debug|Any CPU
		Release|Any CPU = Release|Any CPU
	EndGlobalSection
	GlobalSection(ProjectConfigurationPlatforms) = postSolution
		{8C6552EA-B7EB-455B-964C-5482EE09CB14}.Debug|Any CPU.ActiveCfg = Debug|Any CPU
		{8C6552EA-B7EB-455B-964C-5482EE09CB14}.Debug|Any CPU.Build.0 = Debug|Any CPU
		{8C6552EA-B7EB-455B-964C-5482EE09CB14}.Release|Any CPU.ActiveCfg = Release|Any CPU
		{8C6552EA-B7EB-455B-964C-5482EE09CB14}.Release|Any CPU.Build.0 = Release|Any CPU
		{E1EE893C-BC6E-41F3-BA2A-0ED384B4CDE0}.Debug|Any CPU.ActiveCfg = Debug|Any CPU
		{E1EE893C-BC6E-41F3-BA2A-0ED384B4CDE0}.Debug|Any CPU.Build.0 = Debug|Any CPU
		{E1EE893C-BC6E-41F3-BA2A-0ED384B4CDE0}.Release|Any CPU.ActiveCfg = Release|Any CPU
		{E1EE893C-BC6E-41F3-BA2A-0ED384B4CDE0}.Release|Any CPU.Build.0 = Release|Any CPU
	EndGlobalSection
	GlobalSection(SolutionProperties) = preSolution
		HideSolutionNode = FALSE
	EndGlobalSection
	GlobalSection(ExtensibilityGlobals) = postSolution
		SolutionGuid = {D4962C88-3AC7-44AB-B734-6917A5D81630}
	EndGlobalSection
EndGlobal
